
Microsoft Visual Studio Solution File, Format Version 12.00
# Visual Studio Version 17
VisualStudioVersion = 17.3.32811.315
MinimumVisualStudioVersion = 10.0.40219.1
Project("{FAE04EC0-301F-11D3-BF4B-00C04F79EFBC}") = "OperatorExercise", "OperatorExercise\OperatorExercise.csproj", "{1D3413EB-7BB3-49F4-B9D5-D287F4627BFD}"
EndProject
Global
	GlobalSection(SolutionConfigurationPlatforms) = preSolution
		Debug|Any CPU = Debug|Any CPU
		Release|Any CPU = Release|Any CPU
	EndGlobalSection
	GlobalSection(ProjectConfigurationPlatforms) = postSolution
		{1D3413EB-7BB3-49F4-B9D5-D287F4627BFD}.Debug|Any CPU.ActiveCfg = Debug|Any CPU
		{1D3413EB-7BB3-49F4-B9D5-D287F4627BFD}.Debug|Any CPU.Build.0 = Debug|Any CPU
		{1D3413EB-7BB3-49F4-B9D5-D287F4627BFD}.Release|Any CPU.ActiveCfg = Release|Any CPU
		{1D3413EB-7BB3-49F4-B9D5-D287F4627BFD}.Release|Any CPU.Build.0 = Release|Any CPU
	EndGlobalSection
	GlobalSection(SolutionProperties) = preSolution
		HideSolutionNode = FALSE
	EndGlobalSection
	GlobalSection(ExtensibilityGlobals) = postSolution
		SolutionGuid = {374F23D0-08CF-4FF5-908D-471E90CC120A}
	EndGlobalSection
EndGlobal
